PODS:
  - AppAuth (0.9.1)
  - Bolts (1.8.4):
    - Bolts/AppLinks (= 1.8.4)
    - Bolts/Tasks (= 1.8.4)
  - Bolts/AppLinks (1.8.4):
    - Bolts/Tasks
  - Bolts/Tasks (1.8.4)
  - FBSDKCoreKit (4.24.0):
    - Bolts (~> 1.7)
  - FBSDKLoginKit (4.24.0):
    - FBSDKCoreKit
  - GoogleMaps (2.3.1):
    - GoogleMaps/Maps (= 2.3.1)
  - GoogleMaps/Base (2.3.1)
  - GoogleMaps/Maps (2.3.1):
    - GoogleMaps/Base

DEPENDENCIES:
  - AppAuth
  - FBSDKLoginKit
  - GoogleMaps

SPEC CHECKSUMS:
  AppAuth: f7d9a2ce4ffe79a62a8b0c1d0938e88d9809b846
  Bolts: 8a7995239dbe724f9cba2248b766d48b7ebdd322
  FBSDKCoreKit: f8c9eb0dd34a9cd277c7b60da4b32226d142502d
  FBSDKLoginKit: 1214c6d5a1c4995b694d8db8a9ba6910c6028acf
  GoogleMaps: c66a71058b9b1294bcdd5463a68e357fa50c079f

PODFILE CHECKSUM: a3574f211dde4358f445f54e3c829288c02941f7

COCOAPODS: 1.2.1
