PODS:
  - AppAuth (0.9.1)
  - GoogleMaps (2.3.1):
    - GoogleMaps/Maps (= 2.3.1)
  - GoogleMaps/Base (2.3.1)
  - GoogleMaps/Maps (2.3.1):
    - GoogleMaps/Base

DEPENDENCIES:
  - AppAuth
  - GoogleMaps

SPEC CHECKSUMS:
  AppAuth: f7d9a2ce4ffe79a62a8b0c1d0938e88d9809b846
  GoogleMaps: c66a71058b9b1294bcdd5463a68e357fa50c079f

<<<<<<< HEAD
PODFILE CHECKSUM: e5004ef1c706f062df1731750c8629cd41c43d7d
=======
PODFILE CHECKSUM: 9f057c8bd21e73b4955b4128709e2e4fdfbc8670
>>>>>>> feat: adds react-native-app-auth

COCOAPODS: 1.2.1
